
Microsoft Visual Studio Solution File, Format Version 12.00
# Visual Studio Version 16
VisualStudioVersion = 16.0.29102.190
MinimumVisualStudioVersion = 10.0.40219.1
Project("{FAE04EC0-301F-11D3-BF4B-00C04F79EFBC}") = "Trabalho_Etiqueta_Balcao", "Trabalho_Etiqueta_Balcao.csproj", "{BF80CBBF-6099-4503-AB5A-5236EBD318B3}"
EndProject
Global
	GlobalSection(SolutionConfigurationPlatforms) = preSolution
		Debug|Any CPU = Debug|Any CPU
		Release|Any CPU = Release|Any CPU
	EndGlobalSection
	GlobalSection(ProjectConfigurationPlatforms) = postSolution
		{BF80CBBF-6099-4503-AB5A-5236EBD318B3}.Debug|Any CPU.ActiveCfg = Debug|Any CPU
		{BF80CBBF-6099-4503-AB5A-5236EBD318B3}.Debug|Any CPU.Build.0 = Debug|Any CPU
		{BF80CBBF-6099-4503-AB5A-5236EBD318B3}.Release|Any CPU.ActiveCfg = Release|Any CPU
		{BF80CBBF-6099-4503-AB5A-5236EBD318B3}.Release|Any CPU.Build.0 = Release|Any CPU
	EndGlobalSection
	GlobalSection(SolutionProperties) = preSolution
		HideSolutionNode = FALSE
	EndGlobalSection
	GlobalSection(ExtensibilityGlobals) = postSolution
		SolutionGuid = {380681A3-561E-4144-9914-71856C1E4D68}
	EndGlobalSection
EndGlobal
